{
  "name": "verseapp",
  "lockfileVersion": 3,
  "requires": true,
  "packages": {
    "": {
      "dependencies": {
        "@hebcal/hdate": "^0.21.1"
      }
    },
    "node_modules/@hebcal/hdate": {
      "version": "0.21.1",
      "resolved": "https://registry.npmjs.org/@hebcal/hdate/-/hdate-0.21.1.tgz",
      "integrity": "sha512-YeDYuo29OUmAug1B3Jnnkn/s6AZ28V0mCChsi8HdcZKlTVi8VrKQ2Iryo6CKW4d+NkdNuAmnOzOI/bH2DxYckA==",
      "license": "GPL-2.0"
    }
  }
}
